version = 1
requires-python = ">=3.13"

[[package]]
name = "wordpuzzle-openenv"
version = "1.0.0"
source = { virtual = "." }
dependencies = [
  { name = "openai" },
  { name = "openenv-core" },
]

[[package]]
name = "openai"
version = "1.75.0"
source = { registry = "https://pypi.org/simple" }

[[package]]
name = "openenv-core"
version = "0.2.0"
source = { registry = "https://pypi.org/simple" }
